
Microsoft Visual Studio Solution File, Format Version 12.00
# Visual Studio Version 17
VisualStudioVersion = 17.9.34728.123
MinimumVisualStudioVersion = 10.0.40219.1
Project("{FAE04EC0-301F-11D3-BF4B-00C04F79EFBC}") = "csharp-lista-indirizzi", "csharp-lista-indirizzi.csproj", "{4B34E92E-7A89-4258-BFC4-90CBF88A640F}"
EndProject
Global
	GlobalSection(SolutionConfigurationPlatforms) = preSolution
		Debug|Any CPU = Debug|Any CPU
		Release|Any CPU = Release|Any CPU
	EndGlobalSection
	GlobalSection(ProjectConfigurationPlatforms) = postSolution
		{4B34E92E-7A89-4258-BFC4-90CBF88A640F}.Debug|Any CPU.ActiveCfg = Debug|Any CPU
		{4B34E92E-7A89-4258-BFC4-90CBF88A640F}.Debug|Any CPU.Build.0 = Debug|Any CPU
		{4B34E92E-7A89-4258-BFC4-90CBF88A640F}.Release|Any CPU.ActiveCfg = Release|Any CPU
		{4B34E92E-7A89-4258-BFC4-90CBF88A640F}.Release|Any CPU.Build.0 = Release|Any CPU
	EndGlobalSection
	GlobalSection(SolutionProperties) = preSolution
		HideSolutionNode = FALSE
	EndGlobalSection
	GlobalSection(ExtensibilityGlobals) = postSolution
		SolutionGuid = {79915815-E510-42B8-854E-6018C79922B4}
	EndGlobalSection
EndGlobal
